
Microsoft Visual Studio Solution File, Format Version 12.00
# Visual Studio Version 16
VisualStudioVersion = 16.0.30128.74
MinimumVisualStudioVersion = 10.0.40219.1
Project("{FAE04EC0-301F-11D3-BF4B-00C04F79EFBC}") = "task1", "task1\task1.csproj", "{3447B5CF-9D2A-4F95-A9F5-EF2F87667D2B}"
EndProject
Project("{FAE04EC0-301F-11D3-BF4B-00C04F79EFBC}") = "task2", "task2\task2.csproj", "{E5434154-11A4-40BB-A766-F41C18213CCA}"
EndProject
Global
	GlobalSection(SolutionConfigurationPlatforms) = preSolution
		Debug|Any CPU = Debug|Any CPU
		Release|Any CPU = Release|Any CPU
	EndGlobalSection
	GlobalSection(ProjectConfigurationPlatforms) = postSolution
		{3447B5CF-9D2A-4F95-A9F5-EF2F87667D2B}.Debug|Any CPU.ActiveCfg = Debug|Any CPU
		{3447B5CF-9D2A-4F95-A9F5-EF2F87667D2B}.Debug|Any CPU.Build.0 = Debug|Any CPU
		{3447B5CF-9D2A-4F95-A9F5-EF2F87667D2B}.Release|Any CPU.ActiveCfg = Release|Any CPU
		{3447B5CF-9D2A-4F95-A9F5-EF2F87667D2B}.Release|Any CPU.Build.0 = Release|Any CPU
		{E5434154-11A4-40BB-A766-F41C18213CCA}.Debug|Any CPU.ActiveCfg = Debug|Any CPU
		{E5434154-11A4-40BB-A766-F41C18213CCA}.Debug|Any CPU.Build.0 = Debug|Any CPU
		{E5434154-11A4-40BB-A766-F41C18213CCA}.Release|Any CPU.ActiveCfg = Release|Any CPU
		{E5434154-11A4-40BB-A766-F41C18213CCA}.Release|Any CPU.Build.0 = Release|Any CPU
	EndGlobalSection
	GlobalSection(SolutionProperties) = preSolution
		HideSolutionNode = FALSE
	EndGlobalSection
	GlobalSection(ExtensibilityGlobals) = postSolution
		SolutionGuid = {3620A85A-F45C-4668-BA9F-4269120301FC}
	EndGlobalSection
EndGlobal
